# THIS IS AN AUTOGENERATED FILE. DO NOT EDIT THIS FILE DIRECTLY.
# yarn lockfile v1


"@openzeppelin/contracts@3.4.1-solc-0.7-2":
  version "3.4.1-solc-0.7-2"
  resolved "https://registry.yarnpkg.com/@openzeppelin/contracts/-/contracts-3.4.1-solc-0.7-2.tgz#371c67ebffe50f551c3146a9eec5fe6ffe862e92"
  integrity sha512-tAG9LWg8+M2CMu7hIsqHPaTyG4uDzjr6mhvH96LvOpLZZj6tgzTluBt+LsCf1/QaYrlis6pITvpIaIhE+iZB+Q==

"@solidity-parser/parser@^0.14.0":
  version "0.14.0"
  resolved "https://registry.yarnpkg.com/@solidity-parser/parser/-/parser-0.14.0.tgz#d51f074efb0acce0e953ec48133561ed710cebc0"
  integrity sha512-cX0JJRcmPtNUJpzD2K7FdA7qQsTOk1UZnFx2k7qAg9ZRvuaH5NBe5IEdBMXGlmf2+FmjhqbygJ26H8l2SV7aKQ==
  dependencies:
    antlr4ts "^0.5.0-alpha.4"

"@uniswap/lib@^4.0.1-alpha":
  version "4.0.1-alpha"
  resolved "https://registry.yarnpkg.com/@uniswap/lib/-/lib-4.0.1-alpha.tgz#2881008e55f075344675b3bca93f020b028fbd02"
  integrity sha512-f6UIliwBbRsgVLxIaBANF6w09tYqc6Y/qXdsrbEmXHyFA7ILiKrIwRFXe1yOg8M3cksgVsO9N7yuL2DdCGQKBA==

"@uniswap/swap-router-contracts@1.2.0":
  version "1.2.0"
  resolved "https://registry.yarnpkg.com/@uniswap/swap-router-contracts/-/swap-router-contracts-1.2.0.tgz#9fd3be07c40c697cf71804ab450ca7d6c028401d"
  integrity sha512-wau6xVIrXY/7EQc3uB+A1HlRfxnewS4MAYOgcJBHGHG4OVy+X0WAl8mILC52Xx+y6vx6uQHOwH+sT3SaWi5EGw==
  dependencies:
    "@openzeppelin/contracts" "3.4.1-solc-0.7-2"
    "@uniswap/v2-core" "1.0.1"
    "@uniswap/v3-core" "1.0.0"
    "@uniswap/v3-periphery" "1.3.0"
    dotenv "^14.2.0"
    hardhat-watcher "^2.1.1"

"@uniswap/v2-core@1.0.1":
  version "1.0.1"
  resolved "https://registry.yarnpkg.com/@uniswap/v2-core/-/v2-core-1.0.1.tgz#af8f508bf183204779938969e2e54043e147d425"
  integrity sha512-MtybtkUPSyysqLY2U210NBDeCHX+ltHt3oADGdjqoThZaFRDKwM6k1Nb3F0A3hk5hwuQvytFWhrWHOEq6nVJ8Q==

"@uniswap/v3-core@1.0.0":
  version "1.0.0"
  resolved "https://registry.yarnpkg.com/@uniswap/v3-core/-/v3-core-1.0.0.tgz#6c24adacc4c25dceee0ba3ca142b35adbd7e359d"
  integrity sha512-kSC4djMGKMHj7sLMYVnn61k9nu+lHjMIxgg9CDQT+s2QYLoA56GbSK9Oxr+qJXzzygbkrmuY6cwgP6cW2JXPFA==

"@uniswap/v3-core@1.0.1":
  version "1.0.1"
  resolved "https://registry.yarnpkg.com/@uniswap/v3-core/-/v3-core-1.0.1.tgz#b6d2bdc6ba3c3fbd610bdc502395d86cd35264a0"
  integrity sha512-7pVk4hEm00j9tc71Y9+ssYpO6ytkeI0y7WE9P6UcmNzhxPePwyAxImuhVsTqWK9YFvzgtvzJHi64pBl4jUzKMQ==

"@uniswap/v3-periphery@1.3.0":
  version "1.3.0"
  resolved "https://registry.yarnpkg.com/@uniswap/v3-periphery/-/v3-periphery-1.3.0.tgz#37f0a1ef6025221722e50e9f3f2009c2d5d6e4ec"
  integrity sha512-HjHdI5RkjBl8zz3bqHShrbULFoZSrjbbrRHoO2vbzn+WRzTa6xY4PWphZv2Tlcb38YEKfKHp6NPl5hVedac8uw==
  dependencies:
    "@openzeppelin/contracts" "3.4.1-solc-0.7-2"
    "@uniswap/lib" "^4.0.1-alpha"
    "@uniswap/v2-core" "1.0.1"
    "@uniswap/v3-core" "1.0.0"
    base64-sol "1.0.1"
    hardhat-watcher "^2.1.1"

"@uniswap/v3-periphery@1.4.0":
  version "1.4.0"
  resolved "https://registry.yarnpkg.com/@uniswap/v3-periphery/-/v3-periphery-1.4.0.tgz#9abb733fc596916718070c688b5f426fd8d01fe3"
  integrity sha512-OXikenS40UIEa2XxQ+TyGpFFcTOfSW8eH3Ngy7sGOYp+7yr6uGU2UzomeTsqzagBEAXUDTwxqkk9oUS1KtWTUw==
  dependencies:
    "@openzeppelin/contracts" "3.4.1-solc-0.7-2"
    "@uniswap/lib" "^4.0.1-alpha"
    "@uniswap/v2-core" "1.0.1"
    "@uniswap/v3-core" "1.0.0"
    base64-sol "1.0.1"
    hardhat-watcher "^2.1.1"

ansi-regex@^5.0.1:
  version "5.0.1"
  resolved "https://registry.yarnpkg.com/ansi-regex/-/ansi-regex-5.0.1.tgz#082cb2c89c9fe8659a311a53bd6a4dc5301db304"
  integrity sha512-quJQXlTSUGL2LH9SUXo8VwsY4soanhgo6LNSm84E1LBcE8s3O0wpdiRzyR9z/ZZJMlMWv37qOOb9pdJlMUEKFQ==

antlr4ts@^0.5.0-alpha.4:
  version "0.5.0-alpha.4"
  resolved "https://registry.yarnpkg.com/antlr4ts/-/antlr4ts-0.5.0-alpha.4.tgz#71702865a87478ed0b40c0709f422cf14d51652a"
  integrity sha512-WPQDt1B74OfPv/IMS2ekXAKkTZIHl88uMetg6q3OTqgFxZ/dxDXI0EWLyZid/1Pe6hTftyg5N7gel5wNAGxXyQ==

anymatch@~3.1.2:
  version "3.1.2"
  resolved "https://registry.yarnpkg.com/anymatch/-/anymatch-3.1.2.tgz#c0557c096af32f106198f4f4e2a383537e378716"
  integrity sha512-P43ePfOAIupkguHUycrc4qJ9kz8ZiuOUijaETwX7THt0Y/GNK7v0aa8rY816xWjZ7rJdA5XdMcpVFTKMq+RvWg==
  dependencies:
    normalize-path "^3.0.0"
    picomatch "^2.0.4"

base64-sol@1.0.1:
  version "1.0.1"
  resolved "https://registry.yarnpkg.com/base64-sol/-/base64-sol-1.0.1.tgz#91317aa341f0bc763811783c5729f1c2574600f6"
  integrity sha512-ld3cCNMeXt4uJXmLZBHFGMvVpK9KsLVEhPpFRXnvSVAqABKbuNZg/+dsq3NuM+wxFLb/UrVkz7m1ciWmkMfTbg==

binary-extensions@^2.0.0:
  version "2.2.0"
  resolved "https://registry.yarnpkg.com/binary-extensions/-/binary-extensions-2.2.0.tgz#75f502eeaf9ffde42fc98829645be4ea76bd9e2d"
  integrity sha512-jDctJ/IVQbZoJykoeHbhXpOlNBqGNcwXJKJog42E5HDPUwQTSdjCHdihjj0DlnheQ7blbT6dHOafNAiS8ooQKA==

braces@~3.0.2:
  version "3.0.2"
  resolved "https://registry.yarnpkg.com/braces/-/braces-3.0.2.tgz#3454e1a462ee8d599e236df336cd9ea4f8afe107"
  integrity sha512-b8um+L1RzM3WDSzvhm6gIz1yfTbBt6YTlcEKAvsmqCZZFw46z626lVj9j1yEPW33H5H+lBQpZMP1k8l+78Ha0A==
  dependencies:
    fill-range "^7.0.1"

chokidar@^3.4.3:
  version "3.5.3"
  resolved "https://registry.yarnpkg.com/chokidar/-/chokidar-3.5.3.tgz#1cf37c8707b932bd1af1ae22c0432e2acd1903bd"
  integrity sha512-Dr3sfKRP6oTcjf2JmUmFJfeVMvXBdegxB0iVQ5eb2V10uFJUCAS8OByZdVAyVb8xXNz3GjjTgj9kLWsZTqE6kw==
  dependencies:
    anymatch "~3.1.2"
    braces "~3.0.2"
    glob-parent "~5.1.2"
    is-binary-path "~2.1.0"
    is-glob "~4.0.1"
    normalize-path "~3.0.0"
    readdirp "~3.6.0"
  optionalDependencies:
    fsevents "~2.3.2"

dotenv@^14.2.0:
  version "14.3.2"
  resolved "https://registry.yarnpkg.com/dotenv/-/dotenv-14.3.2.tgz#7c30b3a5f777c79a3429cb2db358eef6751e8369"
  integrity sha512-vwEppIphpFdvaMCaHfCEv9IgwcxMljMw2TnAQBB4VWPvzXQLTb82jwmdOKzlEVUL3gNFT4l4TPKO+Bn+sqcrVQ==

emoji-regex@^10.0.0:
  version "10.0.0"
  resolved "https://registry.yarnpkg.com/emoji-regex/-/emoji-regex-10.0.0.tgz#96559e19f82231b436403e059571241d627c42b8"
  integrity sha512-KmJa8l6uHi1HrBI34udwlzZY1jOEuID/ft4d8BSSEdRyap7PwBEt910453PJa5MuGvxkLqlt4Uvhu7tttFHViw==

emoji-regex@^8.0.0:
  version "8.0.0"
  resolved "https://registry.yarnpkg.com/emoji-regex/-/emoji-regex-8.0.0.tgz#e818fd69ce5ccfcb404594f842963bf53164cc37"
  integrity sha512-MSjYzcWNOA0ewAHpz0MxpYFvwg6yjy1NG3xteoqz644VCo/RPgnr1/GGt+ic3iJTzQ8Eu3TdM14SawnVUmGE6A==

escape-string-regexp@^4.0.0:
  version "4.0.0"
  resolved "https://registry.yarnpkg.com/escape-string-regexp/-/escape-string-regexp-4.0.0.tgz#14ba83a5d373e3d311e5afca29cf5bfad965bf34"
  integrity sha512-TtpcNJ3XAzx3Gq8sWRzJaVajRs0uVxA2YAkdb1jm2YkPz4G6egUFAyA3n5vtEIZefPk5Wa4UXbKuS5fKkJWdgA==

fill-range@^7.0.1:
  version "7.0.1"
  resolved "https://registry.yarnpkg.com/fill-range/-/fill-range-7.0.1.tgz#1919a6a7c75fe38b2c7c77e5198535da9acdda40"
  integrity sha512-qOo9F+dMUmC2Lcb4BbVvnKJxTPjCm+RRpe4gDuGrzkL7mEVl/djYSu2OdQ2Pa302N4oqkSg9ir6jaLWJ2USVpQ==
  dependencies:
    to-regex-range "^5.0.1"

fsevents@~2.3.2:
  version "2.3.2"
  resolved "https://registry.yarnpkg.com/fsevents/-/fsevents-2.3.2.tgz#8a526f78b8fdf4623b709e0b975c52c24c02fd1a"
  integrity sha512-xiqMQR4xAeHTuB9uWm+fFRcIOgKBMiOBP+eXiyT7jsgVCq1bkVygt00oASowB7EdtpOHaaPgKt812P9ab+DDKA==

glob-parent@~5.1.2:
  version "5.1.2"
  resolved "https://registry.yarnpkg.com/glob-parent/-/glob-parent-5.1.2.tgz#869832c58034fe68a4093c17dc15e8340d8401c4"
  integrity sha512-AOIgSQCepiJYwP3ARnGx+5VnTu2HBYdzbGP45eLw1vr3zB3vZLeyed1sC9hnbcOc9/SrMyM5RPQrkGz4aS9Zow==
  dependencies:
    is-glob "^4.0.1"

hardhat-watcher@^2.1.1:
  version "2.1.1"
  resolved "https://registry.yarnpkg.com/hardhat-watcher/-/hardhat-watcher-2.1.1.tgz#8b05fec429ed45da11808bbf6054a90f3e34c51a"
  integrity sha512-zilmvxAYD34IofBrwOliQn4z92UiDmt2c949DW4Gokf0vS0qk4YTfVCi/LmUBICThGygNANE3WfnRTpjCJGtDA==
  dependencies:
    chokidar "^3.4.3"

is-binary-path@~2.1.0:
  version "2.1.0"
  resolved "https://registry.yarnpkg.com/is-binary-path/-/is-binary-path-2.1.0.tgz#ea1f7f3b80f064236e83470f86c09c254fb45b09"
  integrity sha512-ZMERYes6pDydyuGidse7OsHxtbI7WVeUEozgR/g7rd0xUimYNlvZRE/K2MgZTjWy725IfelLeVcEM97mmtRGXw==
  dependencies:
    binary-extensions "^2.0.0"

is-extglob@^2.1.1:
  version "2.1.1"
  resolved "https://registry.yarnpkg.com/is-extglob/-/is-extglob-2.1.1.tgz#a88c02535791f02ed37c76a1b9ea9773c833f8c2"
  integrity sha1-qIwCU1eR8C7TfHahueqXc8gz+MI=

is-fullwidth-code-point@^3.0.0:
  version "3.0.0"
  resolved "https://registry.yarnpkg.com/is-fullwidth-code-point/-/is-fullwidth-code-point-3.0.0.tgz#f116f8064fe90b3f7844a38997c0b75051269f1d"
  integrity sha512-zymm5+u+sCsSWyD9qNaejV3DFvhCKclKdizYaJUuHA83RLjb7nSuGnddCHGv0hk+KY7BMAlsWeK4Ueg6EV6XQg==

is-glob@^4.0.1, is-glob@~4.0.1:
  version "4.0.3"
  resolved "https://registry.yarnpkg.com/is-glob/-/is-glob-4.0.3.tgz#64f61e42cbbb2eec2071a9dac0b28ba1e65d5084"
  integrity sha512-xelSayHH36ZgE7ZWhli7pW34hNbNl8Ojv5KVmkJD4hBdD3th8Tfk9vYasLM+mXWOZhFkgZfxhLSnrwRr4elSSg==
  dependencies:
    is-extglob "^2.1.1"

is-number@^7.0.0:
  version "7.0.0"
  resolved "https://registry.yarnpkg.com/is-number/-/is-number-7.0.0.tgz#7535345b896734d5f80c4d06c50955527a14f12b"
  integrity sha512-41Cifkg6e8TylSpdtTpeLVMqvSBEVzTttHvERD741+pnZ8ANv0004MRL43QKPDlK9cGvNp6NZWZUBlbGXYxxng==

lru-cache@^6.0.0:
  version "6.0.0"
  resolved "https://registry.yarnpkg.com/lru-cache/-/lru-cache-6.0.0.tgz#6d6fe6570ebd96aaf90fcad1dafa3b2566db3a94"
  integrity sha512-Jo6dJ04CmSjuznwJSS3pUeWmd/H0ffTlkXXgwZi+eq1UCmqQwCh+eLsYOYCwY991i2Fah4h1BEMCx4qThGbsiA==
  dependencies:
    yallist "^4.0.0"

normalize-path@^3.0.0, normalize-path@~3.0.0:
  version "3.0.0"
  resolved "https://registry.yarnpkg.com/normalize-path/-/normalize-path-3.0.0.tgz#0dcd69ff23a1c9b11fd0978316644a0388216a65"
  integrity sha512-6eZs5Ls3WtCisHWp9S2GUy8dqkpGi4BVSz3GaqiE6ezub0512ESztXUwUB6C6IKbQkY2Pnb/mD4WYojCRwcwLA==

picomatch@^2.0.4, picomatch@^2.2.1:
  version "2.3.1"
  resolved "https://registry.yarnpkg.com/picomatch/-/picomatch-2.3.1.tgz#3ba3833733646d9d3e4995946c1365a67fb07a42"
  integrity sha512-JU3teHTNjmE2VCGFzuY8EXzCDVwEqB2a8fsIvwaStHhAWJEeVd1o1QD80CU6+ZdEXXSLbSsuLwJjkCBWqRQUVA==

prettier-plugin-solidity@1.0.0-beta.19:
  version "1.0.0-beta.19"
  resolved "https://registry.yarnpkg.com/prettier-plugin-solidity/-/prettier-plugin-solidity-1.0.0-beta.19.tgz#7c3607fc4028f5e6a425259ff03e45eedf733df3"
  integrity sha512-xxRQ5ZiiZyUoMFLE9h7HnUDXI/daf1tnmL1msEdcKmyh7ZGQ4YklkYLC71bfBpYU2WruTb5/SFLUaEb3RApg5g==
  dependencies:
    "@solidity-parser/parser" "^0.14.0"
    emoji-regex "^10.0.0"
    escape-string-regexp "^4.0.0"
    semver "^7.3.5"
    solidity-comments-extractor "^0.0.7"
    string-width "^4.2.3"

prettier@2.5.1:
  version "2.5.1"
  resolved "https://registry.yarnpkg.com/prettier/-/prettier-2.5.1.tgz#fff75fa9d519c54cf0fce328c1017d94546bc56a"
  integrity sha512-vBZcPRUR5MZJwoyi3ZoyQlc1rXeEck8KgeC9AwwOn+exuxLxq5toTRDTSaVrXHxelDMHy9zlicw8u66yxoSUFg==

readdirp@~3.6.0:
  version "3.6.0"
  resolved "https://registry.yarnpkg.com/readdirp/-/readdirp-3.6.0.tgz#74a370bd857116e245b29cc97340cd431a02a6c7"
  integrity sha512-hOS089on8RduqdbhvQ5Z37A0ESjsqz6qnRcffsMU3495FuTdqSm+7bhJ29JvIOsBDEEnan5DPu9t3To9VRlMzA==
  dependencies:
    picomatch "^2.2.1"

semver@^7.3.5:
  version "7.3.5"
  resolved "https://registry.yarnpkg.com/semver/-/semver-7.3.5.tgz#0b621c879348d8998e4b0e4be94b3f12e6018ef7"
  integrity sha512-PoeGJYh8HK4BTO/a9Tf6ZG3veo/A7ZVsYrSA6J8ny9nb3B1VrpkuN+z9OE5wfE5p6H4LchYZsegiQgbJD94ZFQ==
  dependencies:
    lru-cache "^6.0.0"

solidity-comments-extractor@^0.0.7:
  version "0.0.7"
  resolved "https://registry.yarnpkg.com/solidity-comments-extractor/-/solidity-comments-extractor-0.0.7.tgz#99d8f1361438f84019795d928b931f4e5c39ca19"
  integrity sha512-wciNMLg/Irp8OKGrh3S2tfvZiZ0NEyILfcRCXCD4mp7SgK/i9gzLfhY2hY7VMCQJ3kH9UB9BzNdibIVMchzyYw==

string-width@^4.2.3:
  version "4.2.3"
  resolved "https://registry.yarnpkg.com/string-width/-/string-width-4.2.3.tgz#269c7117d27b05ad2e536830a8ec895ef9c6d010"
  integrity sha512-wKyQRQpjJ0sIp62ErSZdGsjMJWsap5oRNihHhu6G7JVO/9jIB6UyevL+tXuOqrng8j/cxKTWyWUwvSTriiZz/g==
  dependencies:
    emoji-regex "^8.0.0"
    is-fullwidth-code-point "^3.0.0"
    strip-ansi "^6.0.1"

strip-ansi@^6.0.1:
  version "6.0.1"
  resolved "https://registry.yarnpkg.com/strip-ansi/-/strip-ansi-6.0.1.tgz#9e26c63d30f53443e9489495b2105d37b67a85d9"
  integrity sha512-Y38VPSHcqkFrCpFnQ9vuSXmquuv5oXOKpGeT6aGrr3o3Gc9AlVa6JBfUSOCnbxGGZF+/0ooI7KrPuUSztUdU5A==
  dependencies:
    ansi-regex "^5.0.1"

to-regex-range@^5.0.1:
  version "5.0.1"
  resolved "https://registry.yarnpkg.com/to-regex-range/-/to-regex-range-5.0.1.tgz#1648c44aae7c8d988a326018ed72f5b4dd0392e4"
  integrity sha512-65P7iz6X5yEr1cwcgvQxbbIw7Uk3gOy5dIdtZ4rDveLqhrdJP+Li/Hx6tyK0NEb+2GCyneCMJiGqrADCSNk8sQ==
  dependencies:
    is-number "^7.0.0"

yallist@^4.0.0:
  version "4.0.0"
  resolved "https://registry.yarnpkg.com/yallist/-/yallist-4.0.0.tgz#9bb92790d9c0effec63be73519e11a35019a3a72"
  integrity sha512-3wdGidZyq5PB084XLES5TpOSRA3wjXAlIWMhum2kRcv/41Sn2emQ0dycQW4uZXLejwKvg6EsvbdlVL+FYEct7A==
